
Microsoft Visual Studio Solution File, Format Version 12.00
# Visual Studio 14
VisualStudioVersion = 14.0.25420.1
MinimumVisualStudioVersion = 10.0.40219.1
Project("{FAE04EC0-301F-11D3-BF4B-00C04F79EFBC}") = "WeekProj2", "WeekProj2\WeekProj2.csproj", "{60AAC51F-5728-49F7-AA4E-8FDF374277F8}"
EndProject
Global
	GlobalSection(SolutionConfigurationPlatforms) = preSolution
		Debug|Any CPU = Debug|Any CPU
		Release|Any CPU = Release|Any CPU
	EndGlobalSection
	GlobalSection(ProjectConfigurationPlatforms) = postSolution
		{60AAC51F-5728-49F7-AA4E-8FDF374277F8}.Debug|Any CPU.ActiveCfg = Debug|Any CPU
		{60AAC51F-5728-49F7-AA4E-8FDF374277F8}.Debug|Any CPU.Build.0 = Debug|Any CPU
		{60AAC51F-5728-49F7-AA4E-8FDF374277F8}.Release|Any CPU.ActiveCfg = Release|Any CPU
		{60AAC51F-5728-49F7-AA4E-8FDF374277F8}.Release|Any CPU.Build.0 = Release|Any CPU
	EndGlobalSection
	GlobalSection(SolutionProperties) = preSolution
		HideSolutionNode = FALSE
	EndGlobalSection
EndGlobal
